
Microsoft Visual Studio Solution File, Format Version 12.00
# Visual Studio Version 17
VisualStudioVersion = 17.0.31903.59
MinimumVisualStudioVersion = 10.0.40219.1
Project("{FAE04EC0-301F-11D3-BF4B-00C04F79EFBC}") = "MarketplaceStock", "MarketplaceStock\MarketplaceStock.csproj", "{D09FFAD2-8170-4A31-995A-D205DCAF3581}"
EndProject
Project("{FAE04EC0-301F-11D3-BF4B-00C04F79EFBC}") = "StockDataLayer", "StockDataLayer\StockDataLayer.csproj", "{2EA0222D-5BE7-42EF-BCB7-8A84173A156C}"
EndProject
Global
	GlobalSection(SolutionConfigurationPlatforms) = preSolution
		Debug|Any CPU = Debug|Any CPU
		Release|Any CPU = Release|Any CPU
	EndGlobalSection
	GlobalSection(SolutionProperties) = preSolution
		HideSolutionNode = FALSE
	EndGlobalSection
	GlobalSection(ProjectConfigurationPlatforms) = postSolution
		{D09FFAD2-8170-4A31-995A-D205DCAF3581}.Debug|Any CPU.ActiveCfg = Debug|Any CPU
		{D09FFAD2-8170-4A31-995A-D205DCAF3581}.Debug|Any CPU.Build.0 = Debug|Any CPU
		{D09FFAD2-8170-4A31-995A-D205DCAF3581}.Release|Any CPU.ActiveCfg = Release|Any CPU
		{D09FFAD2-8170-4A31-995A-D205DCAF3581}.Release|Any CPU.Build.0 = Release|Any CPU
		{2EA0222D-5BE7-42EF-BCB7-8A84173A156C}.Debug|Any CPU.ActiveCfg = Debug|Any CPU
		{2EA0222D-5BE7-42EF-BCB7-8A84173A156C}.Debug|Any CPU.Build.0 = Debug|Any CPU
		{2EA0222D-5BE7-42EF-BCB7-8A84173A156C}.Release|Any CPU.ActiveCfg = Release|Any CPU
		{2EA0222D-5BE7-42EF-BCB7-8A84173A156C}.Release|Any CPU.Build.0 = Release|Any CPU
	EndGlobalSection
EndGlobal
